
Microsoft Visual Studio Solution File, Format Version 12.00
# Visual Studio Version 17
VisualStudioVersion = 17.6.33815.320
MinimumVisualStudioVersion = 10.0.40219.1
Project("{FAE04EC0-301F-11D3-BF4B-00C04F79EFBC}") = "EntityFrameworkCore.Android", "EntityFrameworkCore\EntityFrameworkCore.Android\EntityFrameworkCore.Android.csproj", "{D4CD1F8A-8C60-433D-A47A-920EFB94A708}"
EndProject
Project("{FAE04EC0-301F-11D3-BF4B-00C04F79EFBC}") = "EntityFrameworkCore.iOS", "EntityFrameworkCore\EntityFrameworkCore.iOS\EntityFrameworkCore.iOS.csproj", "{4614758A-409C-407C-88BE-B983BFCF0918}"
EndProject
Project("{FAE04EC0-301F-11D3-BF4B-00C04F79EFBC}") = "EntityFrameworkCore", "EntityFrameworkCore\EntityFrameworkCore\EntityFrameworkCore.csproj", "{EDB7A644-3AE8-4095-80AD-B6228EE5E1E6}"
EndProject
Global
	GlobalSection(SolutionConfigurationPlatforms) = preSolution
		Debug|Any CPU = Debug|Any CPU
		Debug|iPhone = Debug|iPhone
		Debug|iPhoneSimulator = Debug|iPhoneSimulator
		Release|Any CPU = Release|Any CPU
		Release|iPhone = Release|iPhone
		Release|iPhoneSimulator = Release|iPhoneSimulator
	EndGlobalSection
	GlobalSection(ProjectConfigurationPlatforms) = postSolution
		{D4CD1F8A-8C60-433D-A47A-920EFB94A708}.Debug|Any CPU.ActiveCfg = Debug|Any CPU
		{D4CD1F8A-8C60-433D-A47A-920EFB94A708}.Debug|Any CPU.Build.0 = Debug|Any CPU
		{D4CD1F8A-8C60-433D-A47A-920EFB94A708}.Debug|Any CPU.Deploy.0 = Debug|Any CPU
		{D4CD1F8A-8C60-433D-A47A-920EFB94A708}.Debug|iPhone.ActiveCfg = Debug|Any CPU
		{D4CD1F8A-8C60-433D-A47A-920EFB94A708}.Debug|iPhone.Build.0 = Debug|Any CPU
		{D4CD1F8A-8C60-433D-A47A-920EFB94A708}.Debug|iPhone.Deploy.0 = Debug|Any CPU
		{D4CD1F8A-8C60-433D-A47A-920EFB94A708}.Debug|iPhoneSimulator.ActiveCfg = Debug|Any CPU
		{D4CD1F8A-8C60-433D-A47A-920EFB94A708}.Debug|iPhoneSimulator.Build.0 = Debug|Any CPU
		{D4CD1F8A-8C60-433D-A47A-920EFB94A708}.Debug|iPhoneSimulator.Deploy.0 = Debug|Any CPU
		{D4CD1F8A-8C60-433D-A47A-920EFB94A708}.Release|Any CPU.ActiveCfg = Release|Any CPU
		{D4CD1F8A-8C60-433D-A47A-920EFB94A708}.Release|Any CPU.Build.0 = Release|Any CPU
		{D4CD1F8A-8C60-433D-A47A-920EFB94A708}.Release|Any CPU.Deploy.0 = Release|Any CPU
		{D4CD1F8A-8C60-433D-A47A-920EFB94A708}.Release|iPhone.ActiveCfg = Release|Any CPU
		{D4CD1F8A-8C60-433D-A47A-920EFB94A708}.Release|iPhone.Build.0 = Release|Any CPU
		{D4CD1F8A-8C60-433D-A47A-920EFB94A708}.Release|iPhone.Deploy.0 = Release|Any CPU
		{D4CD1F8A-8C60-433D-A47A-920EFB94A708}.Release|iPhoneSimulator.ActiveCfg = Release|Any CPU
		{D4CD1F8A-8C60-433D-A47A-920EFB94A708}.Release|iPhoneSimulator.Build.0 = Release|Any CPU
		{D4CD1F8A-8C60-433D-A47A-920EFB94A708}.Release|iPhoneSimulator.Deploy.0 = Release|Any CPU
		{4614758A-409C-407C-88BE-B983BFCF0918}.Debug|Any CPU.ActiveCfg = Debug|iPhone
		{4614758A-409C-407C-88BE-B983BFCF0918}.Debug|Any CPU.Build.0 = Debug|iPhone
		{4614758A-409C-407C-88BE-B983BFCF0918}.Debug|Any CPU.Deploy.0 = Debug|iPhone
		{4614758A-409C-407C-88BE-B983BFCF0918}.Debug|iPhone.ActiveCfg = Debug|iPhone
		{4614758A-409C-407C-88BE-B983BFCF0918}.Debug|iPhone.Build.0 = Debug|iPhone
		{4614758A-409C-407C-88BE-B983BFCF0918}.Debug|iPhone.Deploy.0 = Debug|iPhone
		{4614758A-409C-407C-88BE-B983BFCF0918}.Debug|iPhoneSimulator.ActiveCfg = Debug|iPhoneSimulator
		{4614758A-409C-407C-88BE-B983BFCF0918}.Debug|iPhoneSimulator.Build.0 = Debug|iPhoneSimulator
		{4614758A-409C-407C-88BE-B983BFCF0918}.Debug|iPhoneSimulator.Deploy.0 = Debug|iPhoneSimulator
		{4614758A-409C-407C-88BE-B983BFCF0918}.Release|Any CPU.ActiveCfg = Release|iPhoneSimulator
		{4614758A-409C-407C-88BE-B983BFCF0918}.Release|Any CPU.Build.0 = Release|iPhoneSimulator
		{4614758A-409C-407C-88BE-B983BFCF0918}.Release|Any CPU.Deploy.0 = Release|iPhoneSimulator
		{4614758A-409C-407C-88BE-B983BFCF0918}.Release|iPhone.ActiveCfg = Release|iPhone
		{4614758A-409C-407C-88BE-B983BFCF0918}.Release|iPhone.Build.0 = Release|iPhone
		{4614758A-409C-407C-88BE-B983BFCF0918}.Release|iPhone.Deploy.0 = Release|iPhone
		{4614758A-409C-407C-88BE-B983BFCF0918}.Release|iPhoneSimulator.ActiveCfg = Release|iPhoneSimulator
		{4614758A-409C-407C-88BE-B983BFCF0918}.Release|iPhoneSimulator.Build.0 = Release|iPhoneSimulator
		{4614758A-409C-407C-88BE-B983BFCF0918}.Release|iPhoneSimulator.Deploy.0 = Release|iPhoneSimulator
		{EDB7A644-3AE8-4095-80AD-B6228EE5E1E6}.Debug|Any CPU.ActiveCfg = Debug|Any CPU
		{EDB7A644-3AE8-4095-80AD-B6228EE5E1E6}.Debug|Any CPU.Build.0 = Debug|Any CPU
		{EDB7A644-3AE8-4095-80AD-B6228EE5E1E6}.Debug|Any CPU.Deploy.0 = Debug|Any CPU
		{EDB7A644-3AE8-4095-80AD-B6228EE5E1E6}.Debug|iPhone.ActiveCfg = Debug|Any CPU
		{EDB7A644-3AE8-4095-80AD-B6228EE5E1E6}.Debug|iPhone.Build.0 = Debug|Any CPU
		{EDB7A644-3AE8-4095-80AD-B6228EE5E1E6}.Debug|iPhone.Deploy.0 = Debug|Any CPU
		{EDB7A644-3AE8-4095-80AD-B6228EE5E1E6}.Debug|iPhoneSimulator.ActiveCfg = Debug|Any CPU
		{EDB7A644-3AE8-4095-80AD-B6228EE5E1E6}.Debug|iPhoneSimulator.Build.0 = Debug|Any CPU
		{EDB7A644-3AE8-4095-80AD-B6228EE5E1E6}.Debug|iPhoneSimulator.Deploy.0 = Debug|Any CPU
		{EDB7A644-3AE8-4095-80AD-B6228EE5E1E6}.Release|Any CPU.ActiveCfg = Release|Any CPU
		{EDB7A644-3AE8-4095-80AD-B6228EE5E1E6}.Release|Any CPU.Build.0 = Release|Any CPU
		{EDB7A644-3AE8-4095-80AD-B6228EE5E1E6}.Release|Any CPU.Deploy.0 = Release|Any CPU
		{EDB7A644-3AE8-4095-80AD-B6228EE5E1E6}.Release|iPhone.ActiveCfg = Release|Any CPU
		{EDB7A644-3AE8-4095-80AD-B6228EE5E1E6}.Release|iPhone.Build.0 = Release|Any CPU
		{EDB7A644-3AE8-4095-80AD-B6228EE5E1E6}.Release|iPhone.Deploy.0 = Release|Any CPU
		{EDB7A644-3AE8-4095-80AD-B6228EE5E1E6}.Release|iPhoneSimulator.ActiveCfg = Release|Any CPU
		{EDB7A644-3AE8-4095-80AD-B6228EE5E1E6}.Release|iPhoneSimulator.Build.0 = Release|Any CPU
		{EDB7A644-3AE8-4095-80AD-B6228EE5E1E6}.Release|iPhoneSimulator.Deploy.0 = Release|Any CPU
	EndGlobalSection
	GlobalSection(SolutionProperties) = preSolution
		HideSolutionNode = FALSE
	EndGlobalSection
	GlobalSection(ExtensibilityGlobals) = postSolution
		SolutionGuid = {A437A776-A7FA-4972-ABE6-CE46499A81FB}
	EndGlobalSection
EndGlobal
